// !$*UTF8*$!
{
	archiveVersion = 1;
	classes = {
	};
	objectVersion = 55;
	objects = {

/* Begin PBXBuildFile section */
		384A0ED8289F2CD20045C88B /* UINavigationBar+Extension.swift in Sources */ = {isa = PBXBuildFile; fileRef = 384A0ED7289F2CD20045C88B /* UINavigationBar+Extension.swift */; };
		3866466A289BF82000C33714 /* AppDelegate.swift in Sources */ = {isa = PBXBuildFile; fileRef = 38664669289BF82000C33714 /* AppDelegate.swift */; };
		3866466C289BF82000C33714 /* SceneDelegate.swift in Sources */ = {isa = PBXBuildFile; fileRef = 3866466B289BF82000C33714 /* SceneDelegate.swift */; };
		3866466E289BF82000C33714 /* HomeViewController.swift in Sources */ = {isa = PBXBuildFile; fileRef = 3866466D289BF82000C33714 /* HomeViewController.swift */; };
		38664674289BF82000C33714 /* DummygramMVVM.xcdatamodeld in Sources */ = {isa = PBXBuildFile; fileRef = 38664672289BF82000C33714 /* DummygramMVVM.xcdatamodeld */; };
		38664676289BF82100C33714 /* Assets.xcassets in Resources */ = {isa = PBXBuildFile; fileRef = 38664675289BF82100C33714 /* Assets.xcassets */; };
		38664679289BF82100C33714 /* LaunchScreen.storyboard in Resources */ = {isa = PBXBuildFile; fileRef = 38664677289BF82100C33714 /* LaunchScreen.storyboard */; };
		38664681289C00B400C33714 /* DummygramAPI.swift in Sources */ = {isa = PBXBuildFile; fileRef = 38664680289C00B400C33714 /* DummygramAPI.swift */; };
		38664683289D2A4000C33714 /* DGDataResponse.swift in Sources */ = {isa = PBXBuildFile; fileRef = 38664682289D2A4000C33714 /* DGDataResponse.swift */; };
		38664685289D2AAF00C33714 /* DGPostResponse.swift in Sources */ = {isa = PBXBuildFile; fileRef = 38664684289D2AAF00C33714 /* DGPostResponse.swift */; };
		38664687289D2AFB00C33714 /* DGUserResponse.swift in Sources */ = {isa = PBXBuildFile; fileRef = 38664686289D2AFB00C33714 /* DGUserResponse.swift */; };
		38664689289D2D6600C33714 /* HomeTableViewCell.swift in Sources */ = {isa = PBXBuildFile; fileRef = 38664688289D2D6600C33714 /* HomeTableViewCell.swift */; };
		3866468B289D3B4B00C33714 /* UIView+Extension.swift in Sources */ = {isa = PBXBuildFile; fileRef = 3866468A289D3B4B00C33714 /* UIView+Extension.swift */; };
		3866468D289D3B9100C33714 /* String+Extension.swift in Sources */ = {isa = PBXBuildFile; fileRef = 3866468C289D3B9100C33714 /* String+Extension.swift */; };
		3866468F289D3C0200C33714 /* HomeCellViewModel.swift in Sources */ = {isa = PBXBuildFile; fileRef = 3866468E289D3C0200C33714 /* HomeCellViewModel.swift */; };
		38664691289D45B200C33714 /* HomeViewModel.swift in Sources */ = {isa = PBXBuildFile; fileRef = 38664690289D45B200C33714 /* HomeViewModel.swift */; };
		38852019289DD3290026FD68 /* CircularStd-Bold.otf in Resources */ = {isa = PBXBuildFile; fileRef = 38852014289DD3290026FD68 /* CircularStd-Bold.otf */; };
		3885201A289DD3290026FD68 /* CircularStd-Medium.otf in Resources */ = {isa = PBXBuildFile; fileRef = 38852015289DD3290026FD68 /* CircularStd-Medium.otf */; };
		3885201B289DD3290026FD68 /* CircularStd-Book.otf in Resources */ = {isa = PBXBuildFile; fileRef = 38852016289DD3290026FD68 /* CircularStd-Book.otf */; };
		3885201C289DD3290026FD68 /* CircularStd-Black.otf in Resources */ = {isa = PBXBuildFile; fileRef = 38852017289DD3290026FD68 /* CircularStd-Black.otf */; };
		3885201D289DD3290026FD68 /* CircularStd-Light.otf in Resources */ = {isa = PBXBuildFile; fileRef = 38852018289DD3290026FD68 /* CircularStd-Light.otf */; };
		3885201F289DD3AB0026FD68 /* UILabel+Extension.swift in Sources */ = {isa = PBXBuildFile; fileRef = 3885201E289DD3AB0026FD68 /* UILabel+Extension.swift */; };
		38852023289DD9900026FD68 /* PostDetailViewController.swift in Sources */ = {isa = PBXBuildFile; fileRef = 38852022289DD9900026FD68 /* PostDetailViewController.swift */; };
		38852025289DD9CD0026FD68 /* PostDetailViewModel.swift in Sources */ = {isa = PBXBuildFile; fileRef = 38852024289DD9CD0026FD68 /* PostDetailViewModel.swift */; };
		38852027289DDA7D0026FD68 /* DGCommentResponse.swift in Sources */ = {isa = PBXBuildFile; fileRef = 38852026289DDA7D0026FD68 /* DGCommentResponse.swift */; };
		7D68C4D0C2919E0BC551C925 /* Pods_DummygramMVVM.framework in Frameworks */ = {isa = PBXBuildFile; fileRef = AAE6E30AEEA4C628AF8B256D /* Pods_DummygramMVVM.framework */; };
/* End PBXBuildFile section */

/* Begin PBXFileReference section */
		384A0ED7289F2CD20045C88B /* UINavigationBar+Extension.swift */ = {isa = PBXFileReference; lastKnownFileType = sourcecode.swift; path = "UINavigationBar+Extension.swift"; sourceTree = "<group>"; };
		38664666289BF82000C33714 /* DummygramMVVM.app */ = {isa = PBXFileReference; explicitFileType = wrapper.application; includeInIndex = 0; path = DummygramMVVM.app; sourceTree = BUILT_PRODUCTS_DIR; };
		38664669289BF82000C33714 /* AppDelegate.swift */ = {isa = PBXFileReference; lastKnownFileType = sourcecode.swift; path = AppDelegate.swift; sourceTree = "<group>"; };
		3866466B289BF82000C33714 /* SceneDelegate.swift */ = {isa = PBXFileReference; lastKnownFileType = sourcecode.swift; path = SceneDelegate.swift; sourceTree = "<group>"; };
		3866466D289BF82000C33714 /* HomeViewController.swift */ = {isa = PBXFileReference; lastKnownFileType = sourcecode.swift; path = HomeViewController.swift; sourceTree = "<group>"; };
		38664673289BF82000C33714 /* DummygramMVVM.xcdatamodel */ = {isa = PBXFileReference; lastKnownFileType = wrapper.xcdatamodel; path = DummygramMVVM.xcdatamodel; sourceTree = "<group>"; };
		38664675289BF82100C33714 /* Assets.xcassets */ = {isa = PBXFileReference; lastKnownFileType = folder.assetcatalog; path = Assets.xcassets; sourceTree = "<group>"; };
		38664678289BF82100C33714 /* Base */ = {isa = PBXFileReference; lastKnownFileType = file.storyboard; name = Base; path = Base.lproj/LaunchScreen.storyboard; sourceTree = "<group>"; };
		3866467A289BF82100C33714 /* Info.plist */ = {isa = PBXFileReference; lastKnownFileType = text.plist.xml; path = Info.plist; sourceTree = "<group>"; };
		38664680289C00B400C33714 /* DummygramAPI.swift */ = {isa = PBXFileReference; lastKnownFileType = sourcecode.swift; path = DummygramAPI.swift; sourceTree = "<group>"; };
		38664682289D2A4000C33714 /* DGDataResponse.swift */ = {isa = PBXFileReference; lastKnownFileType = sourcecode.swift; path = DGDataResponse.swift; sourceTree = "<group>"; };
		38664684289D2AAF00C33714 /* DGPostResponse.swift */ = {isa = PBXFileReference; lastKnownFileType = sourcecode.swift; path = DGPostResponse.swift; sourceTree = "<group>"; };
		38664686289D2AFB00C33714 /* DGUserResponse.swift */ = {isa = PBXFileReference; lastKnownFileType = sourcecode.swift; path = DGUserResponse.swift; sourceTree = "<group>"; };
		38664688289D2D6600C33714 /* HomeTableViewCell.swift */ = {isa = PBXFileReference; lastKnownFileType = sourcecode.swift; path = HomeTableViewCell.swift; sourceTree = "<group>"; };
		3866468A289D3B4B00C33714 /* UIView+Extension.swift */ = {isa = PBXFileReference; lastKnownFileType = sourcecode.swift; path = "UIView+Extension.swift"; sourceTree = "<group>"; };
		3866468C289D3B9100C33714 /* String+Extension.swift */ = {isa = PBXFileReference; lastKnownFileType = sourcecode.swift; path = "String+Extension.swift"; sourceTree = "<group>"; };
		3866468E289D3C0200C33714 /* HomeCellViewModel.swift */ = {isa = PBXFileReference; lastKnownFileType = sourcecode.swift; path = HomeCellViewModel.swift; sourceTree = "<group>"; };
		38664690289D45B200C33714 /* HomeViewModel.swift */ = {isa = PBXFileReference; lastKnownFileType = sourcecode.swift; path = HomeViewModel.swift; sourceTree = "<group>"; };
		38852014289DD3290026FD68 /* CircularStd-Bold.otf */ = {isa = PBXFileReference; lastKnownFileType = file; path = "CircularStd-Bold.otf"; sourceTree = "<group>"; };
		38852015289DD3290026FD68 /* CircularStd-Medium.otf */ = {isa = PBXFileReference; lastKnownFileType = file; path = "CircularStd-Medium.otf"; sourceTree = "<group>"; };
		38852016289DD3290026FD68 /* CircularStd-Book.otf */ = {isa = PBXFileReference; lastKnownFileType = file; path = "CircularStd-Book.otf"; sourceTree = "<group>"; };
		38852017289DD3290026FD68 /* CircularStd-Black.otf */ = {isa = PBXFileReference; lastKnownFileType = file; path = "CircularStd-Black.otf"; sourceTree = "<group>"; };
		38852018289DD3290026FD68 /* CircularStd-Light.otf */ = {isa = PBXFileReference; lastKnownFileType = file; path = "CircularStd-Light.otf"; sourceTree = "<group>"; };
		3885201E289DD3AB0026FD68 /* UILabel+Extension.swift */ = {isa = PBXFileReference; lastKnownFileType = sourcecode.swift; path = "UILabel+Extension.swift"; sourceTree = "<group>"; };
		38852022289DD9900026FD68 /* PostDetailViewController.swift */ = {isa = PBXFileReference; lastKnownFileType = sourcecode.swift; path = PostDetailViewController.swift; sourceTree = "<group>"; };
		38852024289DD9CD0026FD68 /* PostDetailViewModel.swift */ = {isa = PBXFileReference; lastKnownFileType = sourcecode.swift; path = PostDetailViewModel.swift; sourceTree = "<group>"; };
		38852026289DDA7D0026FD68 /* DGCommentResponse.swift */ = {isa = PBXFileReference; lastKnownFileType = sourcecode.swift; path = DGCommentResponse.swift; sourceTree = "<group>"; };
		470A8E1C48248EDF54C06F16 /* Pods-DummygramMVVM.debug.xcconfig */ = {isa = PBXFileReference; includeInIndex = 1; lastKnownFileType = text.xcconfig; name = "Pods-DummygramMVVM.debug.xcconfig"; path = "Target Support Files/Pods-DummygramMVVM/Pods-DummygramMVVM.debug.xcconfig"; sourceTree = "<group>"; };
		AAE6E30AEEA4C628AF8B256D /* Pods_DummygramMVVM.framework */ = {isa = PBXFileReference; explicitFileType = wrapper.framework; includeInIndex = 0; path = Pods_DummygramMVVM.framework; sourceTree = BUILT_PRODUCTS_DIR; };
		E33BA876C91C6CA7B83C96BF /* Pods-DummygramMVVM.release.xcconfig */ = {isa = PBXFileReference; includeInIndex = 1; lastKnownFileType = text.xcconfig; name = "Pods-DummygramMVVM.release.xcconfig"; path = "Target Support Files/Pods-DummygramMVVM/Pods-DummygramMVVM.release.xcconfig"; sourceTree = "<group>"; };
/* End PBXFileReference section */

/* Begin PBXFrameworksBuildPhase section */
		38664663289BF82000C33714 /* Frameworks */ = {
			isa = PBXFrameworksBuildPhase;
			buildActionMask = 2147483647;
			files = (
				7D68C4D0C2919E0BC551C925 /* Pods_DummygramMVVM.framework in Frameworks */,
			);
			runOnlyForDeploymentPostprocessing = 0;
		};
/* End PBXFrameworksBuildPhase section */

/* Begin PBXGroup section */
		3866465D289BF82000C33714 = {
			isa = PBXGroup;
			children = (
				38664668289BF82000C33714 /* DummygramMVVM */,
				38664667289BF82000C33714 /* Products */,
				C9B23CCF1F5E02369943E714 /* Pods */,
				4D0562CDE15C51681DFE4733 /* Frameworks */,
			);
			sourceTree = "<group>";
		};
		38664667289BF82000C33714 /* Products */ = {
			isa = PBXGroup;
			children = (
				38664666289BF82000C33714 /* DummygramMVVM.app */,
			);
			name = Products;
			sourceTree = "<group>";
		};
		38664668289BF82000C33714 /* DummygramMVVM */ = {
			isa = PBXGroup;
			children = (
				38664669289BF82000C33714 /* AppDelegate.swift */,
				3866466B289BF82000C33714 /* SceneDelegate.swift */,
				38852012289DD30D0026FD68 /* Resources */,
				38664696289D504600C33714 /* Extensions */,
				38664695289D502300C33714 /* API */,
				38664694289D4FFC00C33714 /* ViewModel */,
				38664693289D4FDA00C33714 /* View */,
				38664692289D4FD400C33714 /* Model */,
				3866467A289BF82100C33714 /* Info.plist */,
				38664672289BF82000C33714 /* DummygramMVVM.xcdatamodeld */,
			);
			path = DummygramMVVM;
			sourceTree = "<group>";
		};
		38664692289D4FD400C33714 /* Model */ = {
			isa = PBXGroup;
			children = (
				38664682289D2A4000C33714 /* DGDataResponse.swift */,
				38664684289D2AAF00C33714 /* DGPostResponse.swift */,
				38664686289D2AFB00C33714 /* DGUserResponse.swift */,
				38852026289DDA7D0026FD68 /* DGCommentResponse.swift */,
			);
			path = Model;
			sourceTree = "<group>";
		};
		38664693289D4FDA00C33714 /* View */ = {
			isa = PBXGroup;
			children = (
				38852021289DD97D0026FD68 /* Post Detail */,
				38852020289DD9700026FD68 /* Home */,
			);
			path = View;
			sourceTree = "<group>";
		};
		38664694289D4FFC00C33714 /* ViewModel */ = {
			isa = PBXGroup;
			children = (
				3866468E289D3C0200C33714 /* HomeCellViewModel.swift */,
				38664690289D45B200C33714 /* HomeViewModel.swift */,
				38852024289DD9CD0026FD68 /* PostDetailViewModel.swift */,
			);
			path = ViewModel;
			sourceTree = "<group>";
		};
		38664695289D502300C33714 /* API */ = {
			isa = PBXGroup;
			children = (
				38664680289C00B400C33714 /* DummygramAPI.swift */,
			);
			path = API;
			sourceTree = "<group>";
		};
		38664696289D504600C33714 /* Extensions */ = {
			isa = PBXGroup;
			children = (
				3866468A289D3B4B00C33714 /* UIView+Extension.swift */,
				3866468C289D3B9100C33714 /* String+Extension.swift */,
				3885201E289DD3AB0026FD68 /* UILabel+Extension.swift */,
				384A0ED7289F2CD20045C88B /* UINavigationBar+Extension.swift */,
			);
			path = Extensions;
			sourceTree = "<group>";
		};
		38852012289DD30D0026FD68 /* Resources */ = {
			isa = PBXGroup;
			children = (
				38664675289BF82100C33714 /* Assets.xcassets */,
				38664677289BF82100C33714 /* LaunchScreen.storyboard */,
				38852013289DD3150026FD68 /* Fonts */,
			);
			path = Resources;
			sourceTree = "<group>";
		};
		38852013289DD3150026FD68 /* Fonts */ = {
			isa = PBXGroup;
			children = (
				38852017289DD3290026FD68 /* CircularStd-Black.otf */,
				38852014289DD3290026FD68 /* CircularStd-Bold.otf */,
				38852016289DD3290026FD68 /* CircularStd-Book.otf */,
				38852018289DD3290026FD68 /* CircularStd-Light.otf */,
				38852015289DD3290026FD68 /* CircularStd-Medium.otf */,
			);
			path = Fonts;
			sourceTree = "<group>";
		};
		38852020289DD9700026FD68 /* Home */ = {
			isa = PBXGroup;
			children = (
				3866466D289BF82000C33714 /* HomeViewController.swift */,
				38664688289D2D6600C33714 /* HomeTableViewCell.swift */,
			);
			path = Home;
			sourceTree = "<group>";
		};
		38852021289DD97D0026FD68 /* Post Detail */ = {
			isa = PBXGroup;
			children = (
				38852022289DD9900026FD68 /* PostDetailViewController.swift */,
			);
			path = "Post Detail";
			sourceTree = "<group>";
		};
		4D0562CDE15C51681DFE4733 /* Frameworks */ = {
			isa = PBXGroup;
			children = (
				AAE6E30AEEA4C628AF8B256D /* Pods_DummygramMVVM.framework */,
			);
			name = Frameworks;
			sourceTree = "<group>";
		};
		C9B23CCF1F5E02369943E714 /* Pods */ = {
			isa = PBXGroup;
			children = (
				470A8E1C48248EDF54C06F16 /* Pods-DummygramMVVM.debug.xcconfig */,
				E33BA876C91C6CA7B83C96BF /* Pods-DummygramMVVM.release.xcconfig */,
			);
			path = Pods;
			sourceTree = "<group>";
		};
/* End PBXGroup section */

/* Begin PBXNativeTarget section */
		38664665289BF82000C33714 /* DummygramMVVM */ = {
			isa = PBXNativeTarget;
			buildConfigurationList = 3866467D289BF82100C33714 /* Build configuration list for PBXNativeTarget "DummygramMVVM" */;
			buildPhases = (
				4F0240F860DA46074AFCACC0 /* [CP] Check Pods Manifest.lock */,
				38664662289BF82000C33714 /* Sources */,
				38664663289BF82000C33714 /* Frameworks */,
				38664664289BF82000C33714 /* Resources */,
				C3E960DC376A3ED59E27CE0E /* [CP] Embed Pods Frameworks */,
			);
			buildRules = (
			);
			dependencies = (
			);
			name = DummygramMVVM;
			productName = DummygramMVVM;
			productReference = 38664666289BF82000C33714 /* DummygramMVVM.app */;
			productType = "com.apple.product-type.application";
		};
/* End PBXNativeTarget section */

/* Begin PBXProject section */
		3866465E289BF82000C33714 /* Project object */ = {
			isa = PBXProject;
			attributes = {
				BuildIndependentTargetsInParallel = 1;
				LastSwiftUpdateCheck = 1340;
				LastUpgradeCheck = 1340;
				TargetAttributes = {
					38664665289BF82000C33714 = {
						CreatedOnToolsVersion = 13.4.1;
					};
				};
			};
			buildConfigurationList = 38664661289BF82000C33714 /* Build configuration list for PBXProject "DummygramMVVM" */;
			compatibilityVersion = "Xcode 13.0";
			developmentRegion = en;
			hasScannedForEncodings = 0;
			knownRegions = (
				en,
				Base,
			);
			mainGroup = 3866465D289BF82000C33714;
			productRefGroup = 38664667289BF82000C33714 /* Products */;
			projectDirPath = "";
			projectRoot = "";
			targets = (
				38664665289BF82000C33714 /* DummygramMVVM */,
			);
		};
/* End PBXProject section */

/* Begin PBXResourcesBuildPhase section */
		38664664289BF82000C33714 /* Resources */ = {
			isa = PBXResourcesBuildPhase;
			buildActionMask = 2147483647;
			files = (
				3885201C289DD3290026FD68 /* CircularStd-Black.otf in Resources */,
				3885201B289DD3290026FD68 /* CircularStd-Book.otf in Resources */,
				38664679289BF82100C33714 /* LaunchScreen.storyboard in Resources */,
				38852019289DD3290026FD68 /* CircularStd-Bold.otf in Resources */,
				38664676289BF82100C33714 /* Assets.xcassets in Resources */,
				3885201D289DD3290026FD68 /* CircularStd-Light.otf in Resources */,
				3885201A289DD3290026FD68 /* CircularStd-Medium.otf in Resources */,
			);
			runOnlyForDeploymentPostprocessing = 0;
		};
/* End PBXResourcesBuildPhase section */

/* Begin PBXShellScriptBuildPhase section */
		4F0240F860DA46074AFCACC0 /* [CP] Check Pods Manifest.lock */ = {
			isa = PBXShellScriptBuildPhase;
			buildActionMask = 2147483647;
			files = (
			);
			inputFileListPaths = (
			);
			inputPaths = (
				"${PODS_PODFILE_DIR_PATH}/Podfile.lock",
				"${PODS_ROOT}/Manifest.lock",
			);
			name = "[CP] Check Pods Manifest.lock";
			outputFileListPaths = (
			);
			outputPaths = (
				"$(DERIVED_FILE_DIR)/Pods-DummygramMVVM-checkManifestLockResult.txt",
			);
			runOnlyForDeploymentPostprocessing = 0;
			shellPath = /bin/sh;
			shellScript = "diff \"${PODS_PODFILE_DIR_PATH}/Podfile.lock\" \"${PODS_ROOT}/Manifest.lock\" > /dev/null\nif [ $? != 0 ] ; then\n    # print error to STDERR\n    echo \"error: The sandbox is not in sync with the Podfile.lock. Run 'pod install' or update your CocoaPods installation.\" >&2\n    exit 1\nfi\n# This output is used by Xcode 'outputs' to avoid re-running this script phase.\necho \"SUCCESS\" > \"${SCRIPT_OUTPUT_FILE_0}\"\n";
			showEnvVarsInLog = 0;
		};
		C3E960DC376A3ED59E27CE0E /* [CP] Embed Pods Frameworks */ = {
			isa = PBXShellScriptBuildPhase;
			buildActionMask = 2147483647;
			files = (
			);
			inputFileListPaths = (
				"${PODS_ROOT}/Target Support Files/Pods-DummygramMVVM/Pods-DummygramMVVM-frameworks-${CONFIGURATION}-input-files.xcfilelist",
			);
			name = "[CP] Embed Pods Frameworks";
			outputFileListPaths = (
				"${PODS_ROOT}/Target Support Files/Pods-DummygramMVVM/Pods-DummygramMVVM-frameworks-${CONFIGURATION}-output-files.xcfilelist",
			);
			runOnlyForDeploymentPostprocessing = 0;
			shellPath = /bin/sh;
			shellScript = "\"${PODS_ROOT}/Target Support Files/Pods-DummygramMVVM/Pods-DummygramMVVM-frameworks.sh\"\n";
			showEnvVarsInLog = 0;
		};
/* End PBXShellScriptBuildPhase section */

/* Begin PBXSourcesBuildPhase section */
		38664662289BF82000C33714 /* Sources */ = {
			isa = PBXSourcesBuildPhase;
			buildActionMask = 2147483647;
			files = (
				38664687289D2AFB00C33714 /* DGUserResponse.swift in Sources */,
				3866468D289D3B9100C33714 /* String+Extension.swift in Sources */,
				3866466E289BF82000C33714 /* HomeViewController.swift in Sources */,
				3866468F289D3C0200C33714 /* HomeCellViewModel.swift in Sources */,
				38664685289D2AAF00C33714 /* DGPostResponse.swift in Sources */,
				384A0ED8289F2CD20045C88B /* UINavigationBar+Extension.swift in Sources */,
				38664681289C00B400C33714 /* DummygramAPI.swift in Sources */,
				3866466A289BF82000C33714 /* AppDelegate.swift in Sources */,
				38852023289DD9900026FD68 /* PostDetailViewController.swift in Sources */,
				38664683289D2A4000C33714 /* DGDataResponse.swift in Sources */,
				38852025289DD9CD0026FD68 /* PostDetailViewModel.swift in Sources */,
				38664691289D45B200C33714 /* HomeViewModel.swift in Sources */,
				38664689289D2D6600C33714 /* HomeTableViewCell.swift in Sources */,
				38852027289DDA7D0026FD68 /* DGCommentResponse.swift in Sources */,
				3885201F289DD3AB0026FD68 /* UILabel+Extension.swift in Sources */,
				3866466C289BF82000C33714 /* SceneDelegate.swift in Sources */,
				3866468B289D3B4B00C33714 /* UIView+Extension.swift in Sources */,
				38664674289BF82000C33714 /* DummygramMVVM.xcdatamodeld in Sources */,
			);
			runOnlyForDeploymentPostprocessing = 0;
		};
/* End PBXSourcesBuildPhase section */

/* Begin PBXVariantGroup section */
		38664677289BF82100C33714 /* LaunchScreen.storyboard */ = {
			isa = PBXVariantGroup;
			children = (
				38664678289BF82100C33714 /* Base */,
			);
			name = LaunchScreen.storyboard;
			sourceTree = "<group>";
		};
/* End PBXVariantGroup section */

/* Begin XCBuildConfiguration section */
		3866467B289BF82100C33714 /* Debug */ = {
			isa = XCBuildConfiguration;
			buildSettings = {
				ALWAYS_SEARCH_USER_PATHS = NO;
				CLANG_ANALYZER_NONNULL = YES;
				CLANG_ANALYZER_NUMBER_OBJECT_CONVERSION = YES_AGGRESSIVE;
				CLANG_CXX_LANGUAGE_STANDARD = "gnu++17";
				CLANG_ENABLE_MODULES = YES;
				CLANG_ENABLE_OBJC_ARC = YES;
				CLANG_ENABLE_OBJC_WEAK = YES;
				CLANG_WARN_BLOCK_CAPTURE_AUTORELEASING = YES;
				CLANG_WARN_BOOL_CONVERSION = YES;
				CLANG_WARN_COMMA = YES;
				CLANG_WARN_CONSTANT_CONVERSION = YES;
				CLANG_WARN_DEPRECATED_OBJC_IMPLEMENTATIONS = YES;
				CLANG_WARN_DIRECT_OBJC_ISA_USAGE = YES_ERROR;
				CLANG_WARN_DOCUMENTATION_COMMENTS = YES;
				CLANG_WARN_EMPTY_BODY = YES;
				CLANG_WARN_ENUM_CONVERSION = YES;
				CLANG_WARN_INFINITE_RECURSION = YES;
				CLANG_WARN_INT_CONVERSION = YES;
				CLANG_WARN_NON_LITERAL_NULL_CONVERSION = YES;
				CLANG_WARN_OBJC_IMPLICIT_RETAIN_SELF = YES;
				CLANG_WARN_OBJC_LITERAL_CONVERSION = YES;
				CLANG_WARN_OBJC_ROOT_CLASS = YES_ERROR;
				CLANG_WARN_QUOTED_INCLUDE_IN_FRAMEWORK_HEADER = YES;
				CLANG_WARN_RANGE_LOOP_ANALYSIS = YES;
				CLANG_WARN_STRICT_PROTOTYPES = YES;
				CLANG_WARN_SUSPICIOUS_MOVE = YES;
				CLANG_WARN_UNGUARDED_AVAILABILITY = YES_AGGRESSIVE;
				CLANG_WARN_UNREACHABLE_CODE = YES;
				CLANG_WARN__DUPLICATE_METHOD_MATCH = YES;
				COPY_PHASE_STRIP = NO;
				DEBUG_INFORMATION_FORMAT = dwarf;
				ENABLE_STRICT_OBJC_MSGSEND = YES;
				ENABLE_TESTABILITY = YES;
				GCC_C_LANGUAGE_STANDARD = gnu11;
				GCC_DYNAMIC_NO_PIC = NO;
				GCC_NO_COMMON_BLOCKS = YES;
				GCC_OPTIMIZATION_LEVEL = 0;
				GCC_PREPROCESSOR_DEFINITIONS = (
					"DEBUG=1",
					"$(inherited)",
				);
				GCC_WARN_64_TO_32_BIT_CONVERSION = YES;
				GCC_WARN_ABOUT_RETURN_TYPE = YES_ERROR;
				GCC_WARN_UNDECLARED_SELECTOR = YES;
				GCC_WARN_UNINITIALIZED_AUTOS = YES_AGGRESSIVE;
				GCC_WARN_UNUSED_FUNCTION = YES;
				GCC_WARN_UNUSED_VARIABLE = YES;
				IPHONEOS_DEPLOYMENT_TARGET = 15.5;
				MTL_ENABLE_DEBUG_INFO = INCLUDE_SOURCE;
				MTL_FAST_MATH = YES;
				ONLY_ACTIVE_ARCH = YES;
				SDKROOT = iphoneos;
				SWIFT_ACTIVE_COMPILATION_CONDITIONS = DEBUG;
				SWIFT_OPTIMIZATION_LEVEL = "-Onone";
			};
			name = Debug;
		};
		3866467C289BF82100C33714 /* Release */ = {
			isa = XCBuildConfiguration;
			buildSettings = {
				ALWAYS_SEARCH_USER_PATHS = NO;
				CLANG_ANALYZER_NONNULL = YES;
				CLANG_ANALYZER_NUMBER_OBJECT_CONVERSION = YES_AGGRESSIVE;
				CLANG_CXX_LANGUAGE_STANDARD = "gnu++17";
				CLANG_ENABLE_MODULES = YES;
				CLANG_ENABLE_OBJC_ARC = YES;
				CLANG_ENABLE_OBJC_WEAK = YES;
				CLANG_WARN_BLOCK_CAPTURE_AUTORELEASING = YES;
				CLANG_WARN_BOOL_CONVERSION = YES;
				CLANG_WARN_COMMA = YES;
				CLANG_WARN_CONSTANT_CONVERSION = YES;
				CLANG_WARN_DEPRECATED_OBJC_IMPLEMENTATIONS = YES;
				CLANG_WARN_DIRECT_OBJC_ISA_USAGE = YES_ERROR;
				CLANG_WARN_DOCUMENTATION_COMMENTS = YES;
				CLANG_WARN_EMPTY_BODY = YES;
				CLANG_WARN_ENUM_CONVERSION = YES;
				CLANG_WARN_INFINITE_RECURSION = YES;
				CLANG_WARN_INT_CONVERSION = YES;
				CLANG_WARN_NON_LITERAL_NULL_CONVERSION = YES;
				CLANG_WARN_OBJC_IMPLICIT_RETAIN_SELF = YES;
				CLANG_WARN_OBJC_LITERAL_CONVERSION = YES;
				CLANG_WARN_OBJC_ROOT_CLASS = YES_ERROR;
				CLANG_WARN_QUOTED_INCLUDE_IN_FRAMEWORK_HEADER = YES;
				CLANG_WARN_RANGE_LOOP_ANALYSIS = YES;
				CLANG_WARN_STRICT_PROTOTYPES = YES;
				CLANG_WARN_SUSPICIOUS_MOVE = YES;
				CLANG_WARN_UNGUARDED_AVAILABILITY = YES_AGGRESSIVE;
				CLANG_WARN_UNREACHABLE_CODE = YES;
				CLANG_WARN__DUPLICATE_METHOD_MATCH = YES;
				COPY_PHASE_STRIP = NO;
				DEBUG_INFORMATION_FORMAT = "dwarf-with-dsym";
				ENABLE_NS_ASSERTIONS = NO;
				ENABLE_STRICT_OBJC_MSGSEND = YES;
				GCC_C_LANGUAGE_STANDARD = gnu11;
				GCC_NO_COMMON_BLOCKS = YES;
				GCC_WARN_64_TO_32_BIT_CONVERSION = YES;
				GCC_WARN_ABOUT_RETURN_TYPE = YES_ERROR;
				GCC_WARN_UNDECLARED_SELECTOR = YES;
				GCC_WARN_UNINITIALIZED_AUTOS = YES_AGGRESSIVE;
				GCC_WARN_UNUSED_FUNCTION = YES;
				GCC_WARN_UNUSED_VARIABLE = YES;
				IPHONEOS_DEPLOYMENT_TARGET = 15.5;
				MTL_ENABLE_DEBUG_INFO = NO;
				MTL_FAST_MATH = YES;
				SDKROOT = iphoneos;
				SWIFT_COMPILATION_MODE = wholemodule;
				SWIFT_OPTIMIZATION_LEVEL = "-O";
				VALIDATE_PRODUCT = YES;
			};
			name = Release;
		};
		3866467E289BF82100C33714 /* Debug */ = {
			isa = XCBuildConfiguration;
			baseConfigurationReference = 470A8E1C48248EDF54C06F16 /* Pods-DummygramMVVM.debug.xcconfig */;
			buildSettings = {
				ASSETCATALOG_COMPILER_APPICON_NAME = AppIcon;
				ASSETCATALOG_COMPILER_GLOBAL_ACCENT_COLOR_NAME = AccentColor;
				CODE_SIGN_STYLE = Automatic;
				CURRENT_PROJECT_VERSION = 1;
				DEVELOPMENT_TEAM = CA9KP7YRD3;
				GENERATE_INFOPLIST_FILE = YES;
				INFOPLIST_FILE = DummygramMVVM/Info.plist;
				INFOPLIST_KEY_UIApplicationSupportsIndirectInputEvents = YES;
				INFOPLIST_KEY_UILaunchStoryboardName = LaunchScreen;
				INFOPLIST_KEY_UISupportedInterfaceOrientations_iPad = "UIInterfaceOrientationPortrait UIInterfaceOrientationPortraitUpsideDown UIInterfaceOrientationLandscapeLeft UIInterfaceOrientationLandscapeRight";
				INFOPLIST_KEY_UISupportedInterfaceOrientations_iPhone = "UIInterfaceOrientationPortrait UIInterfaceOrientationLandscapeLeft UIInterfaceOrientationLandscapeRight";
				LD_RUNPATH_SEARCH_PATHS = (
					"$(inherited)",
					"@executable_path/Frameworks",
				);
				MARKETING_VERSION = 1.0;
				PRODUCT_BUNDLE_IDENTIFIER = Binar.DummygramMVVM;
				PRODUCT_NAME = "$(TARGET_NAME)";
				SWIFT_EMIT_LOC_STRINGS = YES;
				SWIFT_VERSION = 5.0;
				TARGETED_DEVICE_FAMILY = "1,2";
			};
			name = Debug;
		};
		3866467F289BF82100C33714 /* Release */ = {
			isa = XCBuildConfiguration;
			baseConfigurationReference = E33BA876C91C6CA7B83C96BF /* Pods-DummygramMVVM.release.xcconfig */;
			buildSettings = {
				ASSETCATALOG_COMPILER_APPICON_NAME = AppIcon;
				ASSETCATALOG_COMPILER_GLOBAL_ACCENT_COLOR_NAME = AccentColor;
				CODE_SIGN_STYLE = Automatic;
				CURRENT_PROJECT_VERSION = 1;
				DEVELOPMENT_TEAM = CA9KP7YRD3;
				GENERATE_INFOPLIST_FILE = YES;
				INFOPLIST_FILE = DummygramMVVM/Info.plist;
				INFOPLIST_KEY_UIApplicationSupportsIndirectInputEvents = YES;
				INFOPLIST_KEY_UILaunchStoryboardName = LaunchScreen;
				INFOPLIST_KEY_UISupportedInterfaceOrientations_iPad = "UIInterfaceOrientationPortrait UIInterfaceOrientationPortraitUpsideDown UIInterfaceOrientationLandscapeLeft UIInterfaceOrientationLandscapeRight";
				INFOPLIST_KEY_UISupportedInterfaceOrientations_iPhone = "UIInterfaceOrientationPortrait UIInterfaceOrientationLandscapeLeft UIInterfaceOrientationLandscapeRight";
				LD_RUNPATH_SEARCH_PATHS = (
					"$(inherited)",
					"@executable_path/Frameworks",
				);
				MARKETING_VERSION = 1.0;
				PRODUCT_BUNDLE_IDENTIFIER = Binar.DummygramMVVM;
				PRODUCT_NAME = "$(TARGET_NAME)";
				SWIFT_EMIT_LOC_STRINGS = YES;
				SWIFT_VERSION = 5.0;
				TARGETED_DEVICE_FAMILY = "1,2";
			};
			name = Release;
		};
/* End XCBuildConfiguration section */

/* Begin XCConfigurationList section */
		38664661289BF82000C33714 /* Build configuration list for PBXProject "DummygramMVVM" */ = {
			isa = XCConfigurationList;
			buildConfigurations = (
				3866467B289BF82100C33714 /* Debug */,
				3866467C289BF82100C33714 /* Release */,
			);
			defaultConfigurationIsVisible = 0;
			defaultConfigurationName = Release;
		};
		3866467D289BF82100C33714 /* Build configuration list for PBXNativeTarget "DummygramMVVM" */ = {
			isa = XCConfigurationList;
			buildConfigurations = (
				3866467E289BF82100C33714 /* Debug */,
				3866467F289BF82100C33714 /* Release */,
			);
			defaultConfigurationIsVisible = 0;
			defaultConfigurationName = Release;
		};
/* End XCConfigurationList section */

/* Begin XCVersionGroup section */
		38664672289BF82000C33714 /* DummygramMVVM.xcdatamodeld */ = {
			isa = XCVersionGroup;
			children = (
				38664673289BF82000C33714 /* DummygramMVVM.xcdatamodel */,
			);
			currentVersion = 38664673289BF82000C33714 /* DummygramMVVM.xcdatamodel */;
			path = DummygramMVVM.xcdatamodeld;
			sourceTree = "<group>";
			versionGroupType = wrapper.xcdatamodel;
		};
/* End XCVersionGroup section */
	};
	rootObject = 3866465E289BF82000C33714 /* Project object */;
}
